
Microsoft Visual Studio Solution File, Format Version 12.00
# Visual Studio Version 17
VisualStudioVersion = 17.7.34031.279
MinimumVisualStudioVersion = 10.0.40219.1
Project("{9A19103F-16F7-4668-BE54-9A1E7A4F7556}") = "Werewolf Server", "Werewolf Server\Werewolf Server.csproj", "{9A8D42D8-97F4-45B4-94FB-AC41E0FEC152}"
EndProject
Project("{FAE04EC0-301F-11D3-BF4B-00C04F79EFBC}") = "WerewolfServerTest", "WerewolfServerTest\WerewolfServerTest.csproj", "{CCD16008-7F05-4CB5-A4F4-119DB685635F}"
EndProject
Global
	GlobalSection(SolutionConfigurationPlatforms) = preSolution
		Debug|Any CPU = Debug|Any CPU
		Release|Any CPU = Release|Any CPU
	EndGlobalSection
	GlobalSection(ProjectConfigurationPlatforms) = postSolution
		{9A8D42D8-97F4-45B4-94FB-AC41E0FEC152}.Debug|Any CPU.ActiveCfg = Debug|Any CPU
		{9A8D42D8-97F4-45B4-94FB-AC41E0FEC152}.Debug|Any CPU.Build.0 = Debug|Any CPU
		{9A8D42D8-97F4-45B4-94FB-AC41E0FEC152}.Release|Any CPU.ActiveCfg = Release|Any CPU
		{9A8D42D8-97F4-45B4-94FB-AC41E0FEC152}.Release|Any CPU.Build.0 = Release|Any CPU
		{CCD16008-7F05-4CB5-A4F4-119DB685635F}.Debug|Any CPU.ActiveCfg = Debug|Any CPU
		{CCD16008-7F05-4CB5-A4F4-119DB685635F}.Debug|Any CPU.Build.0 = Debug|Any CPU
		{CCD16008-7F05-4CB5-A4F4-119DB685635F}.Release|Any CPU.ActiveCfg = Release|Any CPU
		{CCD16008-7F05-4CB5-A4F4-119DB685635F}.Release|Any CPU.Build.0 = Release|Any CPU
	EndGlobalSection
	GlobalSection(SolutionProperties) = preSolution
		HideSolutionNode = FALSE
	EndGlobalSection
	GlobalSection(ExtensibilityGlobals) = postSolution
		SolutionGuid = {D36DE3DC-056C-424B-AACB-695A90E0D68C}
	EndGlobalSection
EndGlobal
